
Microsoft Visual Studio Solution File, Format Version 12.00
# Visual Studio Version 17
VisualStudioVersion = 17.0.32112.339
MinimumVisualStudioVersion = 10.0.40219.1
Project("{FAE04EC0-301F-11D3-BF4B-00C04F79EFBC}") = "NewXXSY.Android", "NewXXSY\NewXXSY.Android\NewXXSY.Android.csproj", "{21F77ACC-962F-4072-B3F4-12673D16CEFE}"
EndProject
Project("{FAE04EC0-301F-11D3-BF4B-00C04F79EFBC}") = "NewXXSY", "NewXXSY\NewXXSY\NewXXSY.csproj", "{FB6B7DC0-7EE9-42B9-9CB2-10CE6A13597F}"
EndProject
Global
	GlobalSection(SolutionConfigurationPlatforms) = preSolution
		Debug|Any CPU = Debug|Any CPU
		Release|Any CPU = Release|Any CPU
	EndGlobalSection
	GlobalSection(ProjectConfigurationPlatforms) = postSolution
		{21F77ACC-962F-4072-B3F4-12673D16CEFE}.Debug|Any CPU.ActiveCfg = Debug|Any CPU
		{21F77ACC-962F-4072-B3F4-12673D16CEFE}.Debug|Any CPU.Build.0 = Debug|Any CPU
		{21F77ACC-962F-4072-B3F4-12673D16CEFE}.Debug|Any CPU.Deploy.0 = Debug|Any CPU
		{21F77ACC-962F-4072-B3F4-12673D16CEFE}.Release|Any CPU.ActiveCfg = Release|Any CPU
		{21F77ACC-962F-4072-B3F4-12673D16CEFE}.Release|Any CPU.Build.0 = Release|Any CPU
		{21F77ACC-962F-4072-B3F4-12673D16CEFE}.Release|Any CPU.Deploy.0 = Release|Any CPU
		{FB6B7DC0-7EE9-42B9-9CB2-10CE6A13597F}.Debug|Any CPU.ActiveCfg = Debug|Any CPU
		{FB6B7DC0-7EE9-42B9-9CB2-10CE6A13597F}.Debug|Any CPU.Build.0 = Debug|Any CPU
		{FB6B7DC0-7EE9-42B9-9CB2-10CE6A13597F}.Debug|Any CPU.Deploy.0 = Debug|Any CPU
		{FB6B7DC0-7EE9-42B9-9CB2-10CE6A13597F}.Release|Any CPU.ActiveCfg = Release|Any CPU
		{FB6B7DC0-7EE9-42B9-9CB2-10CE6A13597F}.Release|Any CPU.Build.0 = Release|Any CPU
		{FB6B7DC0-7EE9-42B9-9CB2-10CE6A13597F}.Release|Any CPU.Deploy.0 = Release|Any CPU
	EndGlobalSection
	GlobalSection(SolutionProperties) = preSolution
		HideSolutionNode = FALSE
	EndGlobalSection
	GlobalSection(ExtensibilityGlobals) = postSolution
		SolutionGuid = {2821D162-0E27-4D70-8015-B932FDC037A3}
	EndGlobalSection
EndGlobal
